
Microsoft Visual Studio Solution File, Format Version 12.00
# Visual Studio Version 16
VisualStudioVersion = 16.0.29411.108
MinimumVisualStudioVersion = 10.0.40219.1
Project("{9A19103F-16F7-4668-BE54-9A1E7A4F7556}") = "VenditaVeicoliDllProject", "VenditaVeicoliDllProject\VenditaVeicoliDllProject.csproj", "{9E000298-3817-4220-9FCB-3DD3034E45BA}"
EndProject
Project("{FAE04EC0-301F-11D3-BF4B-00C04F79EFBC}") = "WindowsFormsAppProject", "WindowsFormsAppProject\WindowsFormsAppProject.csproj", "{4742B60E-2FE5-49BF-8098-43B2795CE20D}"
EndProject
Project("{FAE04EC0-301F-11D3-BF4B-00C04F79EFBC}") = "ConsoleApp_Project", "ConsoleApp_Project\ConsoleApp_Project.csproj", "{1894D691-962E-4B71-87EE-9A0E854A9EF2}"
EndProject
Global
	GlobalSection(SolutionConfigurationPlatforms) = preSolution
		Debug|Any CPU = Debug|Any CPU
		Release|Any CPU = Release|Any CPU
	EndGlobalSection
	GlobalSection(ProjectConfigurationPlatforms) = postSolution
		{9E000298-3817-4220-9FCB-3DD3034E45BA}.Debug|Any CPU.ActiveCfg = Debug|Any CPU
		{9E000298-3817-4220-9FCB-3DD3034E45BA}.Debug|Any CPU.Build.0 = Debug|Any CPU
		{9E000298-3817-4220-9FCB-3DD3034E45BA}.Release|Any CPU.ActiveCfg = Release|Any CPU
		{9E000298-3817-4220-9FCB-3DD3034E45BA}.Release|Any CPU.Build.0 = Release|Any CPU
		{4742B60E-2FE5-49BF-8098-43B2795CE20D}.Debug|Any CPU.ActiveCfg = Debug|Any CPU
		{4742B60E-2FE5-49BF-8098-43B2795CE20D}.Debug|Any CPU.Build.0 = Debug|Any CPU
		{4742B60E-2FE5-49BF-8098-43B2795CE20D}.Release|Any CPU.ActiveCfg = Release|Any CPU
		{4742B60E-2FE5-49BF-8098-43B2795CE20D}.Release|Any CPU.Build.0 = Release|Any CPU
		{1894D691-962E-4B71-87EE-9A0E854A9EF2}.Debug|Any CPU.ActiveCfg = Debug|Any CPU
		{1894D691-962E-4B71-87EE-9A0E854A9EF2}.Debug|Any CPU.Build.0 = Debug|Any CPU
		{1894D691-962E-4B71-87EE-9A0E854A9EF2}.Release|Any CPU.ActiveCfg = Release|Any CPU
		{1894D691-962E-4B71-87EE-9A0E854A9EF2}.Release|Any CPU.Build.0 = Release|Any CPU
	EndGlobalSection
	GlobalSection(SolutionProperties) = preSolution
		HideSolutionNode = FALSE
	EndGlobalSection
	GlobalSection(ExtensibilityGlobals) = postSolution
		SolutionGuid = {72DE0869-CA98-4916-B719-94ED867E6007}
	EndGlobalSection
EndGlobal
